
Microsoft Visual Studio Solution File, Format Version 12.00
# Visual Studio Version 16
VisualStudioVersion = 16.0.30503.244
MinimumVisualStudioVersion = 10.0.40219.1
Project("{FAE04EC0-301F-11D3-BF4B-00C04F79EFBC}") = "Lesson2", "Lesson2\Lesson2.csproj", "{B36674F3-CFB2-4DFF-A338-F2B9DB002642}"
EndProject
Global
	GlobalSection(SolutionConfigurationPlatforms) = preSolution
		Debug|Any CPU = Debug|Any CPU
		Release|Any CPU = Release|Any CPU
	EndGlobalSection
	GlobalSection(ProjectConfigurationPlatforms) = postSolution
		{B36674F3-CFB2-4DFF-A338-F2B9DB002642}.Debug|Any CPU.ActiveCfg = Debug|Any CPU
		{B36674F3-CFB2-4DFF-A338-F2B9DB002642}.Debug|Any CPU.Build.0 = Debug|Any CPU
		{B36674F3-CFB2-4DFF-A338-F2B9DB002642}.Release|Any CPU.ActiveCfg = Release|Any CPU
		{B36674F3-CFB2-4DFF-A338-F2B9DB002642}.Release|Any CPU.Build.0 = Release|Any CPU
	EndGlobalSection
	GlobalSection(SolutionProperties) = preSolution
		HideSolutionNode = FALSE
	EndGlobalSection
	GlobalSection(ExtensibilityGlobals) = postSolution
		SolutionGuid = {2A9B5AE8-611E-4372-90EC-A28D50985BB1}
	EndGlobalSection
EndGlobal
