
Microsoft Visual Studio Solution File, Format Version 12.00
# Visual Studio Version 16
VisualStudioVersion = 16.0.30611.23
MinimumVisualStudioVersion = 10.0.40219.1
Project("{FAE04EC0-301F-11D3-BF4B-00C04F79EFBC}") = "Lesson7", "Lesson7\Lesson7.csproj", "{43E1E317-A0DE-4F66-B133-56BB18D5BFF8}"
EndProject
Global
	GlobalSection(SolutionConfigurationPlatforms) = preSolution
		Debug|Any CPU = Debug|Any CPU
		Release|Any CPU = Release|Any CPU
	EndGlobalSection
	GlobalSection(ProjectConfigurationPlatforms) = postSolution
		{43E1E317-A0DE-4F66-B133-56BB18D5BFF8}.Debug|Any CPU.ActiveCfg = Debug|Any CPU
		{43E1E317-A0DE-4F66-B133-56BB18D5BFF8}.Debug|Any CPU.Build.0 = Debug|Any CPU
		{43E1E317-A0DE-4F66-B133-56BB18D5BFF8}.Release|Any CPU.ActiveCfg = Release|Any CPU
		{43E1E317-A0DE-4F66-B133-56BB18D5BFF8}.Release|Any CPU.Build.0 = Release|Any CPU
	EndGlobalSection
	GlobalSection(SolutionProperties) = preSolution
		HideSolutionNode = FALSE
	EndGlobalSection
	GlobalSection(ExtensibilityGlobals) = postSolution
		SolutionGuid = {AE1B606F-044C-4BBD-808B-4F6360590A43}
	EndGlobalSection
EndGlobal
